{
  "name": "taskpal-frontend",
  "version": "1.0.0",
  "lockfileVersion": 2,
  "requires": true,
  "packages": {
    "": {
      "name": "taskpal-frontend",
      "version": "1.0.0",
      "license": "ISC",
      "dependencies": {
        "axios": "^0.27.2",
        "core-js": "^3.8.3",
        "vue": "^2.6.14",
        "vue-router": "^3.5.1",
        "vuex": "^3.6.2"
      },
      "devDependencies": {
        "@vue/cli-plugin-babel": "~4.5.0",
        "@vue/cli-plugin-eslint": "~4.5.0",
        "@vue/cli-service": "~4.5.0",
        "babel-eslint": "^10.1.0",
        "eslint": "^6.7.2",
        "eslint-plugin-vue": "^6.2.2",
        "node-sass": "^4.14.1",
        "sass-loader": "^8.0.2",
        "vue-template-compiler": "^2.6.14"
      }
    },
    "node_modules/axios": {
      "version": "0.27.2",
      "resolved": "https://registry.npmjs.org/axios/-/axios-0.27.2.tgz",
      "integrity": "sha512-odNmQlwZqEzRTETiK8NsQBL1OrjYPOIXLRLXkFnNrCHusHMuAP93kB7bHPF8MFSsG5g5bpK5koCTomGjfXnBOg==",
      "dependencies": {
        "follow-redirects": "^1.14.5"
      }
    },
    // ... other dependencies ...
  },
  "dependencies": {
    "axios": {
      "version": "0.27.2",
      "resolved": "https://registry.npmjs.org/axios/-/axios-0.27.2.tgz",
      "integrity": "sha512-odNmQlwZqEzRTETiK8NsQBL1OrjYPOIXLRLXkFnNrCHusHMuAP93kB7bHPF8MFSsG5g5bpK5koCTomGjfXnBOg==",
      "requires": {
        "follow-redirects": "^1.14.5"
      }
    },
    // ... other dependencies ...
  }
}
